
Microsoft Visual Studio Solution File, Format Version 12.00
# Visual Studio Version 17
VisualStudioVersion = 17.11.35208.52
MinimumVisualStudioVersion = 10.0.40219.1
Project("{FAE04EC0-301F-11D3-BF4B-00C04F79EFBC}") = "ChatApplication.Server", "ChatApplication.Server\ChatApplication.Server.csproj", "{4FF3A856-CC65-4CDA-8357-D41215811FFC}"
EndProject
Global
	GlobalSection(SolutionConfigurationPlatforms) = preSolution
		Debug|Any CPU = Debug|Any CPU
		Release|Any CPU = Release|Any CPU
	EndGlobalSection
	GlobalSection(ProjectConfigurationPlatforms) = postSolution
		{4FF3A856-CC65-4CDA-8357-D41215811FFC}.Debug|Any CPU.ActiveCfg = Debug|Any CPU
		{4FF3A856-CC65-4CDA-8357-D41215811FFC}.Debug|Any CPU.Build.0 = Debug|Any CPU
		{4FF3A856-CC65-4CDA-8357-D41215811FFC}.Release|Any CPU.ActiveCfg = Release|Any CPU
		{4FF3A856-CC65-4CDA-8357-D41215811FFC}.Release|Any CPU.Build.0 = Release|Any CPU
	EndGlobalSection
	GlobalSection(SolutionProperties) = preSolution
		HideSolutionNode = FALSE
	EndGlobalSection
	GlobalSection(ExtensibilityGlobals) = postSolution
		SolutionGuid = {228E0D49-CCDB-4F07-AF7E-EB94D3D3128B}
	EndGlobalSection
EndGlobal
