
Microsoft Visual Studio Solution File, Format Version 12.00
# Visual Studio Version 17
VisualStudioVersion = 17.11.35208.52
MinimumVisualStudioVersion = 10.0.40219.1
Project("{9A19103F-16F7-4668-BE54-9A1E7A4F7556}") = "ChatApplication.Service", "ChatApplication.Server\ChatApplication.Service.csproj", "{4FF3A856-CC65-4CDA-8357-D41215811FFC}"
EndProject
Project("{9A19103F-16F7-4668-BE54-9A1E7A4F7556}") = "ChatApplication.Domain", "ChatApplication.Domain\ChatApplication.Domain.csproj", "{77294AB0-431A-4D38-BF4C-F316E705AA9B}"
EndProject
Global
	GlobalSection(SolutionConfigurationPlatforms) = preSolution
		Debug|Any CPU = Debug|Any CPU
		Release|Any CPU = Release|Any CPU
	EndGlobalSection
	GlobalSection(ProjectConfigurationPlatforms) = postSolution
		{4FF3A856-CC65-4CDA-8357-D41215811FFC}.Debug|Any CPU.ActiveCfg = Debug|Any CPU
		{4FF3A856-CC65-4CDA-8357-D41215811FFC}.Debug|Any CPU.Build.0 = Debug|Any CPU
		{4FF3A856-CC65-4CDA-8357-D41215811FFC}.Release|Any CPU.ActiveCfg = Release|Any CPU
		{4FF3A856-CC65-4CDA-8357-D41215811FFC}.Release|Any CPU.Build.0 = Release|Any CPU
		{77294AB0-431A-4D38-BF4C-F316E705AA9B}.Debug|Any CPU.ActiveCfg = Debug|Any CPU
		{77294AB0-431A-4D38-BF4C-F316E705AA9B}.Debug|Any CPU.Build.0 = Debug|Any CPU
		{77294AB0-431A-4D38-BF4C-F316E705AA9B}.Release|Any CPU.ActiveCfg = Release|Any CPU
		{77294AB0-431A-4D38-BF4C-F316E705AA9B}.Release|Any CPU.Build.0 = Release|Any CPU
	EndGlobalSection
	GlobalSection(SolutionProperties) = preSolution
		HideSolutionNode = FALSE
	EndGlobalSection
	GlobalSection(ExtensibilityGlobals) = postSolution
		SolutionGuid = {228E0D49-CCDB-4F07-AF7E-EB94D3D3128B}
	EndGlobalSection
EndGlobal
